# versions.lock — snapshot of installed tool versions at config-review time.
# Machine-readable baseline: next audit diffs a fresh snapshot against this.
# Regenerate: see CONFIG-REVIEW.md. Review date recorded in CONFIG-REVIEW.md.

[review]
date = "2026-08-08"
chezmoi = "v2.71.1"
claude_code = "2.1.212"

[key_tools]
fish = "4.8.1"
nvim = "0.12.4"
wezterm = "20240203-110809-5046fc22"
starship = "1.26.0"
git = "2.50.1"
gh = "2.97.0"
bat = "0.26.1"
eza = "0.23.5"
ripgrep = "15.2.0"
fd = "10.4.2"
zellij = "0.44.3"
atuin = "18.18.1"
lazygit = "0.63.1"
zoxide = "0.10.0"
fzf = "0.74.2"
delta = "0.19.2"
yazi = "26.5.6"
rustc = "1.97.1"
go = "1.26.5"
node = "26.5.1"
deno = "2.9.4"

[brew_leaves]
act = "0.2.89"
age = "1.3.1"
atuin = "18.18.1"
bandwhich = "0.23.1"
bat = "0.26.1"
bottom = "0.14.7"
buf = "1.72.0"
chezmoi = "2.71.1"
dust = "1.2.4"
eza = "0.23.5"
fd = "10.4.2"
ffmpegthumbnailer = "2.3.0"
fish = "4.8.1"
fx = "39.2.0"
fzf = "0.74.2"
gh = "2.97.0"
ghorg = "1.11.14"
git-delta = "0.19.2"
gitlab-ci-ls = "1.3.4"
glab = "1.111.0"
go = "1.26.5"
go-task = "3.52.0"
graphviz = "15.1.0"
himalaya = "2.0.0"
hugo = "0.164.0"
hurl = "8.0.1"
iproute2mac = "1.7.4"
jaq = "3.1.0"
k6 = "2.1.0"
k9s = "0.51.0"
kaskade = "4.0.7_6"
lazygit = "0.63.1"
llama.cpp = "10210"
mas = "7.0.0"
neovim = "0.12.4"
newman = "6.2.2"
nmap = "7.99"
node@22 = "22.23.2"
nvm = "0.40.6"
ollama = "0.32.5"
openfortivpn = "1.24.1_1"
openjdk = "26.0.2"
pam-reattach = "1.3"
pandoc = "3.10.1"
pipx = "1.16.5"
poppler = "26.07.0"
procs = "0.14.12"
protoc-gen-go = "1.36.11"
protoc-gen-go-grpc = "1.6.2"
ripgrep = "15.2.0"
rm-improved = "0.13.1"
rtk = "0.44.2"
rust = "1.97.1"
sd = "1.1.0"
slackdump = "4.4.2"
starship = "1.26.0"
syncthing = "2.1.2"
tailspin = "7.0.0"
termshark = "2.4.0"
tokei = "14.0.0"
topgrade = "17.9.0"
unar = "1.10.8_7"
upx = "5.2.0"
vault = "2.0.3"
vegeta = "12.13.0"
viddy = "1.3.1"
wget = "1.25.0"
whisper-cpp = "1.9.1"
yazi = "26.5.6"
yt-dlp = "2026.7.4"
zellij = "0.44.3"
zoxide = "0.10.0"

[brew_casks]
anki = "26.08"
arc = "1.158.1,84367"
chatgpt = "26.727.51351"
claude = "1.24012.9,03c61d06f8e01a4db2273b9514e225f21d2ba62e"
claude-code = "2.1.212"
coconutbattery = "4.3.3,218"
copilot-cli = "1.0.77"
discord = "0.0.403"
epic-games = "20.1.4"
equinox = "6.0"
figma = "126.7.10"
font-fira-code-nerd-font = "3.4.0"
font-inter = "4.1"
font-jetbrains-mono = "2.304"
font-jetbrains-mono-nerd-font = "3.4.0"
font-monaspace = "1.400"
font-symbols-only-nerd-font = "3.4.0"
gb-studio = "4.3.2"
github-copilot-app = "1.1.2"
google-chrome = "151.0.7922.72"
gram = "3.0.1"
helium-browser = "0.15.1.1"
hyperkey = "1.56"
keka = "1.6.7"
kekaexternalhelper = "1.2.0,1.4.4"
keycastr = "0.10.5"
latest = "0.11"
motrix = "1.8.19"
obsidian = "1.13.4"
octarine = "0.49.0"
orbstack = "2.2.1,20628"
orion = "1.1.1,149"
pomo = "1.2.1"
postman = "12.21.10"
qflipper = "1.3.3"
raspberry-pi-imager = "2.0.10"
raycast = "1.104.24"
slack = "4.51.180"
spotify = "1.2.94.583"
ungoogled-chromium = "150.0.7871.46-1.1"
visual-studio-code = "1.131.0"
vlc = "3.0.23"
wezterm = "20240203-110809,5046fc22"
yandex-music = "5.113.2"
zed = "1.13.1"
zoom = "7.1.5.84650"
