# versions.lock — snapshot of installed tool versions at config-review time.
# Machine-readable baseline: next audit diffs a fresh snapshot against this.
# Regenerate: see CONFIG-REVIEW.md. Review date recorded in CONFIG-REVIEW.md.

[review]
date = "2026-07-04"
chezmoi = "v2.70.5"
claude_code = "2.1.187"

[key_tools]
fish = "4.8.0"
nvim = "0.12.3"
wezterm = "20240203-110809"
starship = "1.26.0"
git = "2.50.1"
gh = "2.95.0"
bat = "0.26.1"
eza = "0.23.4"
ripgrep = "15.1.0"
fd = "10.4.2"
zellij = "0.44.3"
atuin = "18.16.1"
lazygit = "0.62.2"
zoxide = "0.9.9"
fzf = "0.73.1"
delta = "0.19.2"
yazi = "26.5.6"
rustc = "1.96.0"
go = "1.26.4"
node = "26.4.0"
deno = "2.9.1"

[brew_leaves]
act = "0.2.89"
age = "1.3.1"
alesbrelih/gitlab-ci-ls/gitlab-ci-ls = "1.3.0"
atuin = "18.16.1"
bandwhich = "0.23.1"
bat = "0.26.1"
bottom = "0.14.3"
buf = "1.71.0"
chezmoi = "2.70.5"
derailed/k9s/k9s = "0.51.0"
dust = "1.2.4"
eza = "0.23.4"
fd = "10.4.2"
ffmpegthumbnailer = "2.3.0"
fish = "4.8.0"
fx = "39.2.0"
fzf = "0.73.1"
gabrie30/utils/ghorg = "1.11.12"
gh = "2.95.0"
git-delta = "0.19.2"
glab = "1.106.0"
go = "1.26.4"
go-task = "3.51.1"
graphviz = "15.1.0"
hashicorp/tap/vault = "2.0.3"
himalaya = "1.2.0"
hugo = "0.163.3"
hurl = "8.0.1"
iproute2mac = "1.7.4"
jaq = "3.1.0"
kaskade = "4.0.7_6"
lazygit = "0.62.2"
llama.cpp = "9850"
mas = "7.0.0"
neovim = "0.12.3"
newman = "6.2.2"
nmap = "7.99"
node@22 = "22.23.1"
nvm = "0.40.5"
ollama = "0.31.1"
openfortivpn = "1.24.1_1"
openjdk = "26.0.1"
pam-reattach = "1.3"
pandoc = "3.10"
pipx = "1.15.0"
poppler = "26.06.0"
procs = "0.14.12"
protoc-gen-go = "1.36.11"
protoc-gen-go-grpc = "1.6.2"
ripgrep = "15.1.0"
rm-improved = "0.13.1"
rtk = "0.43.0"
sd = "1.1.0"
slackdump = "4.4.1"
starship = "1.26.0"
syncthing = "2.1.1"
tailspin = "6.1.0"
termshark = "2.4.0"
tokei = "14.0.0"
topgrade = "17.6.2"
unar = "1.10.8_7"
upx = "5.2.0"
vegeta = "12.13.0"
viddy = "1.3.1"
wget = "1.25.0"
whisper-cpp = "1.9.1"
yazi = "26.5.6"
yt-dlp = "2026.6.9"
zellij = "0.44.3"
zoxide = "0.9.9"

[brew_casks]
anki = "26.05"
arc = "1.153.1,82775"
chatgpt = "1.2026.160,1781312926"
claude = "1.18286.0,259c3fc2a647e4222ca15e99bba9b2649f31f051"
claude-code = "2.1.187"
coconutbattery = "4.3.3,218"
copilot-cli = "1.0.68"
discord = "0.0.397"
epic-games = "20.1.0"
font-fira-code-nerd-font = "3.4.0"
font-inter = "4.1"
font-jetbrains-mono = "2.304"
font-jetbrains-mono-nerd-font = "3.4.0"
font-monaspace = "1.400"
font-symbols-only-nerd-font = "3.4.0"
gb-studio = "4.3.2"
github-copilot-app = "1.0.15"
google-chrome = "150.0.7871.47"
gram = "3.0.1"
helium-browser = "0.14.2.1"
hyperkey = "1.56"
keka = "1.6.7"
kekaexternalhelper = "1.2.0,1.4.4"
keycastr = "0.10.5"
latest = "0.11"
motrix = "1.8.19"
obsidian = "1.12.7"
octarine = "0.47.0"
orbstack = "2.2.1,20628"
orion = "1.1.1,149"
pomo = "1.2.1"
postman = "12.17.3"
qflipper = "1.3.3"
raspberry-pi-imager = "2.0.10"
raycast = "1.104.21"
slack = "4.50.143"
spotify = "1.2.92.148"
ungoogled-chromium = "149.0.7827.155-1.1"
visual-studio-code = "1.127.0"
vlc = "3.0.23"
wezterm = "20240203-110809,5046fc22"
yandex-music = "5.109.1"
zed = "1.9.0"
zoom = "7.1.0.83064"
